
Microsoft Visual Studio Solution File, Format Version 12.00
# Visual Studio Version 17
VisualStudioVersion = 17.9.34607.119
MinimumVisualStudioVersion = 10.0.40219.1
Project("{FAE04EC0-301F-11D3-BF4B-00C04F79EFBC}") = "ATM", "ATM\ATM.csproj", "{71642948-ABD9-4AEA-8559-DB1B66390614}"
EndProject
Global
	GlobalSection(SolutionConfigurationPlatforms) = preSolution
		Debug|Any CPU = Debug|Any CPU
		Release|Any CPU = Release|Any CPU
	EndGlobalSection
	GlobalSection(ProjectConfigurationPlatforms) = postSolution
		{71642948-ABD9-4AEA-8559-DB1B66390614}.Debug|Any CPU.ActiveCfg = Debug|Any CPU
		{71642948-ABD9-4AEA-8559-DB1B66390614}.Debug|Any CPU.Build.0 = Debug|Any CPU
		{71642948-ABD9-4AEA-8559-DB1B66390614}.Release|Any CPU.ActiveCfg = Release|Any CPU
		{71642948-ABD9-4AEA-8559-DB1B66390614}.Release|Any CPU.Build.0 = Release|Any CPU
	EndGlobalSection
	GlobalSection(SolutionProperties) = preSolution
		HideSolutionNode = FALSE
	EndGlobalSection
	GlobalSection(ExtensibilityGlobals) = postSolution
		SolutionGuid = {9B5011AC-B855-4DDB-92BE-7BAB7C3353BF}
	EndGlobalSection
EndGlobal
